
Microsoft Visual Studio Solution File, Format Version 12.00
# Visual Studio Version 16
VisualStudioVersion = 25.0.1705.4
MinimumVisualStudioVersion = 10.0.40219.1
Project("{FAE04EC0-301F-11D3-BF4B-00C04F79EFBC}") = "XamarinIOS", "XamarinIOS\XamarinIOS.csproj", "{50261D0A-1415-4DA9-8FFB-CAD7687761CF}"
EndProject
Global
	GlobalSection(SolutionConfigurationPlatforms) = preSolution
		Debug|iPhoneSimulator = Debug|iPhoneSimulator
		Release|iPhoneSimulator = Release|iPhoneSimulator
		Debug|iPhone = Debug|iPhone
		Release|iPhone = Release|iPhone
	EndGlobalSection
	GlobalSection(ProjectConfigurationPlatforms) = postSolution
		{50261D0A-1415-4DA9-8FFB-CAD7687761CF}.Debug|iPhoneSimulator.ActiveCfg = Debug|iPhoneSimulator
		{50261D0A-1415-4DA9-8FFB-CAD7687761CF}.Debug|iPhoneSimulator.Build.0 = Debug|iPhoneSimulator
		{50261D0A-1415-4DA9-8FFB-CAD7687761CF}.Release|iPhoneSimulator.ActiveCfg = Release|iPhoneSimulator
		{50261D0A-1415-4DA9-8FFB-CAD7687761CF}.Release|iPhoneSimulator.Build.0 = Release|iPhoneSimulator
		{50261D0A-1415-4DA9-8FFB-CAD7687761CF}.Debug|iPhone.ActiveCfg = Debug|iPhone
		{50261D0A-1415-4DA9-8FFB-CAD7687761CF}.Debug|iPhone.Build.0 = Debug|iPhone
		{50261D0A-1415-4DA9-8FFB-CAD7687761CF}.Release|iPhone.ActiveCfg = Release|iPhone
		{50261D0A-1415-4DA9-8FFB-CAD7687761CF}.Release|iPhone.Build.0 = Release|iPhone
	EndGlobalSection
	GlobalSection(SolutionProperties) = preSolution
		HideSolutionNode = FALSE
	EndGlobalSection
	GlobalSection(ExtensibilityGlobals) = postSolution
		SolutionGuid = {64C228F2-F859-4023-8D6B-249481C6101B}
	EndGlobalSection
EndGlobal
